
Microsoft Visual Studio Solution File, Format Version 12.00
# Visual Studio Version 17
VisualStudioVersion = 17.7.34003.232
MinimumVisualStudioVersion = 10.0.40219.1
Project("{FAE04EC0-301F-11D3-BF4B-00C04F79EFBC}") = "HB.MvcApp", "HB.MvcApp\HB.MvcApp.csproj", "{E5D3C6A9-3028-4EBE-8E8E-A57ECFE91389}"
EndProject
Global
	GlobalSection(SolutionConfigurationPlatforms) = preSolution
		Debug|Any CPU = Debug|Any CPU
		Release|Any CPU = Release|Any CPU
	EndGlobalSection
	GlobalSection(ProjectConfigurationPlatforms) = postSolution
		{E5D3C6A9-3028-4EBE-8E8E-A57ECFE91389}.Debug|Any CPU.ActiveCfg = Debug|Any CPU
		{E5D3C6A9-3028-4EBE-8E8E-A57ECFE91389}.Debug|Any CPU.Build.0 = Debug|Any CPU
		{E5D3C6A9-3028-4EBE-8E8E-A57ECFE91389}.Release|Any CPU.ActiveCfg = Release|Any CPU
		{E5D3C6A9-3028-4EBE-8E8E-A57ECFE91389}.Release|Any CPU.Build.0 = Release|Any CPU
	EndGlobalSection
	GlobalSection(SolutionProperties) = preSolution
		HideSolutionNode = FALSE
	EndGlobalSection
	GlobalSection(ExtensibilityGlobals) = postSolution
		SolutionGuid = {BF7F25C2-5EE2-41DC-8FF1-5603ECEE035C}
	EndGlobalSection
EndGlobal
